
Microsoft Visual Studio Solution File, Format Version 12.00
# Visual Studio Version 17
VisualStudioVersion = 17.10.35013.160
MinimumVisualStudioVersion = 10.0.40219.1
Project("{2150E333-8FDC-42A3-9474-1A3956D46DE8}") = "Cart", "Cart", "{B7113E63-C438-45BC-B6E6-7947EFF899DF}"
EndProject
Project("{9A19103F-16F7-4668-BE54-9A1E7A4F7556}") = "EComm.Api", "..\EComm.Api\EComm.Api.csproj", "{9603172E-8508-43FA-9129-95B54834F5E8}"
EndProject
Project("{9A19103F-16F7-4668-BE54-9A1E7A4F7556}") = "EComm.Common", "..\EComm.Common\EComm.Common.csproj", "{3A486E3D-BC3A-4CF3-96C0-AF471AB5FA47}"
EndProject
Project("{9A19103F-16F7-4668-BE54-9A1E7A4F7556}") = "EComm.Services", "..\EComm.Services\EComm.Services.csproj", "{04344BD4-0138-41F9-8CD5-53C2C535D168}"
EndProject
Project("{9A19103F-16F7-4668-BE54-9A1E7A4F7556}") = "EComm.Data", "..\EComm.Data\EComm.Data.csproj", "{13B8D0C4-5EB5-492B-810D-DB1B4D05822A}"
EndProject
Project("{2150E333-8FDC-42A3-9474-1A3956D46DE8}") = "Product", "Product", "{605363BE-8B76-4547-9D4F-7B25C70C1610}"
EndProject
Project("{2150E333-8FDC-42A3-9474-1A3956D46DE8}") = "Authentication", "Authentication", "{8CDF6A7A-4556-44B2-AA01-D7D3D000D7C7}"
EndProject
Project("{9A19103F-16F7-4668-BE54-9A1E7A4F7556}") = "Authentication.Common", "Token.Common\Authentication.Common.csproj", "{FC039D37-9C83-4EEB-BB4E-40A5CD8D6551}"
EndProject
Project("{9A19103F-16F7-4668-BE54-9A1E7A4F7556}") = "Authentication.Api", "Token.Api\Authentication.Api.csproj", "{2FA907CC-4625-4215-A1F9-A0B7ABE1484E}"
EndProject
Project("{9A19103F-16F7-4668-BE54-9A1E7A4F7556}") = "Token.Services", "Token.Services\Token.Services.csproj", "{411F0267-B05F-4D92-A622-BB77CC413BD3}"
EndProject
Project("{9A19103F-16F7-4668-BE54-9A1E7A4F7556}") = "Authentication.Repository", "Token.Repository\Authentication.Repository.csproj", "{81FBBA19-2594-4EB9-B4A2-4D81053DD4AF}"
EndProject
Project("{9A19103F-16F7-4668-BE54-9A1E7A4F7556}") = "Cart.Repository", "Cart.Repository\Cart.Repository.csproj", "{D159929D-85DD-446B-A77A-B3D9C0F483B8}"
EndProject
Global
	GlobalSection(SolutionConfigurationPlatforms) = preSolution
		Debug|Any CPU = Debug|Any CPU
		Release|Any CPU = Release|Any CPU
	EndGlobalSection
	GlobalSection(ProjectConfigurationPlatforms) = postSolution
		{9603172E-8508-43FA-9129-95B54834F5E8}.Debug|Any CPU.ActiveCfg = Debug|Any CPU
		{9603172E-8508-43FA-9129-95B54834F5E8}.Debug|Any CPU.Build.0 = Debug|Any CPU
		{9603172E-8508-43FA-9129-95B54834F5E8}.Release|Any CPU.ActiveCfg = Release|Any CPU
		{9603172E-8508-43FA-9129-95B54834F5E8}.Release|Any CPU.Build.0 = Release|Any CPU
		{3A486E3D-BC3A-4CF3-96C0-AF471AB5FA47}.Debug|Any CPU.ActiveCfg = Debug|Any CPU
		{3A486E3D-BC3A-4CF3-96C0-AF471AB5FA47}.Debug|Any CPU.Build.0 = Debug|Any CPU
		{3A486E3D-BC3A-4CF3-96C0-AF471AB5FA47}.Release|Any CPU.ActiveCfg = Release|Any CPU
		{3A486E3D-BC3A-4CF3-96C0-AF471AB5FA47}.Release|Any CPU.Build.0 = Release|Any CPU
		{04344BD4-0138-41F9-8CD5-53C2C535D168}.Debug|Any CPU.ActiveCfg = Debug|Any CPU
		{04344BD4-0138-41F9-8CD5-53C2C535D168}.Debug|Any CPU.Build.0 = Debug|Any CPU
		{04344BD4-0138-41F9-8CD5-53C2C535D168}.Release|Any CPU.ActiveCfg = Release|Any CPU
		{04344BD4-0138-41F9-8CD5-53C2C535D168}.Release|Any CPU.Build.0 = Release|Any CPU
		{13B8D0C4-5EB5-492B-810D-DB1B4D05822A}.Debug|Any CPU.ActiveCfg = Debug|Any CPU
		{13B8D0C4-5EB5-492B-810D-DB1B4D05822A}.Debug|Any CPU.Build.0 = Debug|Any CPU
		{13B8D0C4-5EB5-492B-810D-DB1B4D05822A}.Release|Any CPU.ActiveCfg = Release|Any CPU
		{13B8D0C4-5EB5-492B-810D-DB1B4D05822A}.Release|Any CPU.Build.0 = Release|Any CPU
		{FC039D37-9C83-4EEB-BB4E-40A5CD8D6551}.Debug|Any CPU.ActiveCfg = Debug|Any CPU
		{FC039D37-9C83-4EEB-BB4E-40A5CD8D6551}.Debug|Any CPU.Build.0 = Debug|Any CPU
		{FC039D37-9C83-4EEB-BB4E-40A5CD8D6551}.Release|Any CPU.ActiveCfg = Release|Any CPU
		{FC039D37-9C83-4EEB-BB4E-40A5CD8D6551}.Release|Any CPU.Build.0 = Release|Any CPU
		{2FA907CC-4625-4215-A1F9-A0B7ABE1484E}.Debug|Any CPU.ActiveCfg = Debug|Any CPU
		{2FA907CC-4625-4215-A1F9-A0B7ABE1484E}.Debug|Any CPU.Build.0 = Debug|Any CPU
		{2FA907CC-4625-4215-A1F9-A0B7ABE1484E}.Release|Any CPU.ActiveCfg = Release|Any CPU
		{2FA907CC-4625-4215-A1F9-A0B7ABE1484E}.Release|Any CPU.Build.0 = Release|Any CPU
		{411F0267-B05F-4D92-A622-BB77CC413BD3}.Debug|Any CPU.ActiveCfg = Debug|Any CPU
		{411F0267-B05F-4D92-A622-BB77CC413BD3}.Debug|Any CPU.Build.0 = Debug|Any CPU
		{411F0267-B05F-4D92-A622-BB77CC413BD3}.Release|Any CPU.ActiveCfg = Release|Any CPU
		{411F0267-B05F-4D92-A622-BB77CC413BD3}.Release|Any CPU.Build.0 = Release|Any CPU
		{81FBBA19-2594-4EB9-B4A2-4D81053DD4AF}.Debug|Any CPU.ActiveCfg = Debug|Any CPU
		{81FBBA19-2594-4EB9-B4A2-4D81053DD4AF}.Debug|Any CPU.Build.0 = Debug|Any CPU
		{81FBBA19-2594-4EB9-B4A2-4D81053DD4AF}.Release|Any CPU.ActiveCfg = Release|Any CPU
		{81FBBA19-2594-4EB9-B4A2-4D81053DD4AF}.Release|Any CPU.Build.0 = Release|Any CPU
		{D159929D-85DD-446B-A77A-B3D9C0F483B8}.Debug|Any CPU.ActiveCfg = Debug|Any CPU
		{D159929D-85DD-446B-A77A-B3D9C0F483B8}.Debug|Any CPU.Build.0 = Debug|Any CPU
		{D159929D-85DD-446B-A77A-B3D9C0F483B8}.Release|Any CPU.ActiveCfg = Release|Any CPU
		{D159929D-85DD-446B-A77A-B3D9C0F483B8}.Release|Any CPU.Build.0 = Release|Any CPU
	EndGlobalSection
	GlobalSection(SolutionProperties) = preSolution
		HideSolutionNode = FALSE
	EndGlobalSection
	GlobalSection(NestedProjects) = preSolution
		{9603172E-8508-43FA-9129-95B54834F5E8} = {B7113E63-C438-45BC-B6E6-7947EFF899DF}
		{3A486E3D-BC3A-4CF3-96C0-AF471AB5FA47} = {B7113E63-C438-45BC-B6E6-7947EFF899DF}
		{04344BD4-0138-41F9-8CD5-53C2C535D168} = {B7113E63-C438-45BC-B6E6-7947EFF899DF}
		{13B8D0C4-5EB5-492B-810D-DB1B4D05822A} = {B7113E63-C438-45BC-B6E6-7947EFF899DF}
		{FC039D37-9C83-4EEB-BB4E-40A5CD8D6551} = {8CDF6A7A-4556-44B2-AA01-D7D3D000D7C7}
		{2FA907CC-4625-4215-A1F9-A0B7ABE1484E} = {8CDF6A7A-4556-44B2-AA01-D7D3D000D7C7}
		{411F0267-B05F-4D92-A622-BB77CC413BD3} = {8CDF6A7A-4556-44B2-AA01-D7D3D000D7C7}
		{81FBBA19-2594-4EB9-B4A2-4D81053DD4AF} = {8CDF6A7A-4556-44B2-AA01-D7D3D000D7C7}
		{D159929D-85DD-446B-A77A-B3D9C0F483B8} = {B7113E63-C438-45BC-B6E6-7947EFF899DF}
	EndGlobalSection
	GlobalSection(ExtensibilityGlobals) = postSolution
		SolutionGuid = {7F0388A9-085E-436F-91E7-64C9BE8D34D1}
	EndGlobalSection
EndGlobal
